{
    "_readme": [
        "This file locks the dependencies of your project to a known state",
        "Read more about it at https://getcomposer.org/doc/01-basic-usage.md#composer-lock-the-lock-file",
        "This file is @generated automatically"
    ],
    "content-hash": "20dbb7dd3d5875e2145cffde02820f43",
    "packages": [
        {
            "name": "paragonie/easydb",
            "version": "v2.6.1",
            "source": {
                "type": "git",
                "url": "https://github.com/paragonie/easydb.git",
                "reference": "500d85b55972d78d1716da58aedc7444d5ffa64c"
            },
            "dist": {
                "type": "zip",
                "url": "https://files.phpcomposer.com/files/paragonie/easydb/500d85b55972d78d1716da58aedc7444d5ffa64c.zip",
                "reference": "500d85b55972d78d1716da58aedc7444d5ffa64c",
                "shasum": ""
            },
            "require": {
                "ext-pdo": "*",
                "php": "^7"
            },
            "require-dev": {
                "phpunit/phpunit": "^5",
                "squizlabs/php_codesniffer": "^2.7",
                "vimeo/psalm": "1.1.1"
            },
            "type": "library",
            "autoload": {
                "psr-4": {
                    "ParagonIE\\EasyDB\\": "src"
                }
            },
            "notification-url": "https://packagist.org/downloads/",
            "license": [
                "MIT"
            ],
            "authors": [
                {
                    "name": "Scott Arciszewski",
                    "email": "scott@paragonie.com",
                    "homepage": "https://paragonie.com",
                    "role": "Developer"
                },
                {
                    "name": "Woody Gilk",
                    "homepage": "https://github.com/shadowhand",
                    "role": "Contributor"
                },
                {
                    "name": "SignpostMarv",
                    "homepage": "https://github.com/SignpostMarv",
                    "role": "Contributor"
                }
            ],
            "description": "Easy-to-use database abstraction",
            "keywords": [
                "database",
                "pdo",
                "security",
                "sql"
            ],
            "time": "2018-05-01T06:22:41+00:00"
        }
    ],
    "packages-dev": [],
    "aliases": [],
    "minimum-stability": "stable",
    "stability-flags": [],
    "prefer-stable": false,
    "prefer-lowest": false,
    "platform": {
        "php": ">=5.6.0"
    },
    "platform-dev": []
}
